
Microsoft Visual Studio Solution File, Format Version 12.00
# Visual Studio Version 17
VisualStudioVersion = 17.5.33516.290
MinimumVisualStudioVersion = 10.0.40219.1
Project("{FAE04EC0-301F-11D3-BF4B-00C04F79EFBC}") = "AuthenticationAPI", "AuthenticationAPI.csproj", "{C9F15C16-E4E8-452F-ABFD-53188283881A}"
EndProject
Global
	GlobalSection(SolutionConfigurationPlatforms) = preSolution
		Debug|Any CPU = Debug|Any CPU
		Release|Any CPU = Release|Any CPU
	EndGlobalSection
	GlobalSection(ProjectConfigurationPlatforms) = postSolution
		{C9F15C16-E4E8-452F-ABFD-53188283881A}.Debug|Any CPU.ActiveCfg = Debug|Any CPU
		{C9F15C16-E4E8-452F-ABFD-53188283881A}.Debug|Any CPU.Build.0 = Debug|Any CPU
		{C9F15C16-E4E8-452F-ABFD-53188283881A}.Release|Any CPU.ActiveCfg = Release|Any CPU
		{C9F15C16-E4E8-452F-ABFD-53188283881A}.Release|Any CPU.Build.0 = Release|Any CPU
	EndGlobalSection
	GlobalSection(SolutionProperties) = preSolution
		HideSolutionNode = FALSE
	EndGlobalSection
	GlobalSection(ExtensibilityGlobals) = postSolution
		SolutionGuid = {C01F2F63-843D-4547-8FA3-BD02FE5122AC}
	EndGlobalSection
EndGlobal
